
Microsoft Visual Studio Solution File, Format Version 12.00
# Visual Studio Version 17
VisualStudioVersion = 17.10.35013.160
MinimumVisualStudioVersion = 10.0.40219.1
Project("{FAE04EC0-301F-11D3-BF4B-00C04F79EFBC}") = "MyPortfolio", "MyPortfolio.csproj", "{D8F08210-F0F2-4589-8041-D796DC186E22}"
EndProject
Global
	GlobalSection(SolutionConfigurationPlatforms) = preSolution
		Debug|Any CPU = Debug|Any CPU
		Release|Any CPU = Release|Any CPU
	EndGlobalSection
	GlobalSection(ProjectConfigurationPlatforms) = postSolution
		{D8F08210-F0F2-4589-8041-D796DC186E22}.Debug|Any CPU.ActiveCfg = Debug|Any CPU
		{D8F08210-F0F2-4589-8041-D796DC186E22}.Debug|Any CPU.Build.0 = Debug|Any CPU
		{D8F08210-F0F2-4589-8041-D796DC186E22}.Release|Any CPU.ActiveCfg = Release|Any CPU
		{D8F08210-F0F2-4589-8041-D796DC186E22}.Release|Any CPU.Build.0 = Release|Any CPU
	EndGlobalSection
	GlobalSection(SolutionProperties) = preSolution
		HideSolutionNode = FALSE
	EndGlobalSection
	GlobalSection(ExtensibilityGlobals) = postSolution
		SolutionGuid = {0793488D-2F2A-4E9F-8338-284E31CA7819}
	EndGlobalSection
EndGlobal
